
Microsoft Visual Studio Solution File, Format Version 12.00
# Visual Studio Version 17
VisualStudioVersion = 17.7.34031.279
MinimumVisualStudioVersion = 10.0.40219.1
Project("{9A19103F-16F7-4668-BE54-9A1E7A4F7556}") = "FhirService", "FhirService.csproj", "{8E5ECBEF-A3D9-46DA-8FF7-23A0A8B8F400}"
EndProject
Global
	GlobalSection(SolutionConfigurationPlatforms) = preSolution
		Debug|Any CPU = Debug|Any CPU
		Release|Any CPU = Release|Any CPU
	EndGlobalSection
	GlobalSection(ProjectConfigurationPlatforms) = postSolution
		{8E5ECBEF-A3D9-46DA-8FF7-23A0A8B8F400}.Debug|Any CPU.ActiveCfg = Debug|Any CPU
		{8E5ECBEF-A3D9-46DA-8FF7-23A0A8B8F400}.Debug|Any CPU.Build.0 = Debug|Any CPU
		{8E5ECBEF-A3D9-46DA-8FF7-23A0A8B8F400}.Release|Any CPU.ActiveCfg = Release|Any CPU
		{8E5ECBEF-A3D9-46DA-8FF7-23A0A8B8F400}.Release|Any CPU.Build.0 = Release|Any CPU
	EndGlobalSection
	GlobalSection(SolutionProperties) = preSolution
		HideSolutionNode = FALSE
	EndGlobalSection
	GlobalSection(ExtensibilityGlobals) = postSolution
		SolutionGuid = {CCCD94AC-D77F-4FBD-9373-9C0AA9CCEA08}
	EndGlobalSection
EndGlobal
