
Microsoft Visual Studio Solution File, Format Version 12.00
# Visual Studio Version 17
VisualStudioVersion = 17.7.34202.233
MinimumVisualStudioVersion = 10.0.40219.1
Project("{FAE04EC0-301F-11D3-BF4B-00C04F79EFBC}") = "CC.UI", "CC.UI\CC.UI.csproj", "{641C75F3-2BEF-41A5-87CA-4F0A7A3E176E}"
EndProject
Project("{FAE04EC0-301F-11D3-BF4B-00C04F79EFBC}") = "CC.API", "CC.API\CC.API.csproj", "{25072B00-3714-4327-AD37-EE50F490BC51}"
EndProject
Project("{FAE04EC0-301F-11D3-BF4B-00C04F79EFBC}") = "CC.Shared", "CC.Shared\CC.Shared.csproj", "{68EEA25D-0CF0-48AB-95DA-08EB917439C8}"
EndProject
Global
	GlobalSection(SolutionConfigurationPlatforms) = preSolution
		Debug|Any CPU = Debug|Any CPU
		Release|Any CPU = Release|Any CPU
	EndGlobalSection
	GlobalSection(ProjectConfigurationPlatforms) = postSolution
		{641C75F3-2BEF-41A5-87CA-4F0A7A3E176E}.Debug|Any CPU.ActiveCfg = Debug|Any CPU
		{641C75F3-2BEF-41A5-87CA-4F0A7A3E176E}.Debug|Any CPU.Build.0 = Debug|Any CPU
		{641C75F3-2BEF-41A5-87CA-4F0A7A3E176E}.Debug|Any CPU.Deploy.0 = Debug|Any CPU
		{641C75F3-2BEF-41A5-87CA-4F0A7A3E176E}.Release|Any CPU.ActiveCfg = Release|Any CPU
		{641C75F3-2BEF-41A5-87CA-4F0A7A3E176E}.Release|Any CPU.Build.0 = Release|Any CPU
		{641C75F3-2BEF-41A5-87CA-4F0A7A3E176E}.Release|Any CPU.Deploy.0 = Release|Any CPU
		{25072B00-3714-4327-AD37-EE50F490BC51}.Debug|Any CPU.ActiveCfg = Debug|Any CPU
		{25072B00-3714-4327-AD37-EE50F490BC51}.Debug|Any CPU.Build.0 = Debug|Any CPU
		{25072B00-3714-4327-AD37-EE50F490BC51}.Release|Any CPU.ActiveCfg = Release|Any CPU
		{25072B00-3714-4327-AD37-EE50F490BC51}.Release|Any CPU.Build.0 = Release|Any CPU
		{68EEA25D-0CF0-48AB-95DA-08EB917439C8}.Debug|Any CPU.ActiveCfg = Debug|Any CPU
		{68EEA25D-0CF0-48AB-95DA-08EB917439C8}.Debug|Any CPU.Build.0 = Debug|Any CPU
		{68EEA25D-0CF0-48AB-95DA-08EB917439C8}.Release|Any CPU.ActiveCfg = Release|Any CPU
		{68EEA25D-0CF0-48AB-95DA-08EB917439C8}.Release|Any CPU.Build.0 = Release|Any CPU
	EndGlobalSection
	GlobalSection(SolutionProperties) = preSolution
		HideSolutionNode = FALSE
	EndGlobalSection
	GlobalSection(ExtensibilityGlobals) = postSolution
		SolutionGuid = {087E1912-8D5A-4C8B-90A1-2804A82FC700}
	EndGlobalSection
EndGlobal
