
Microsoft Visual Studio Solution File, Format Version 12.00
# Visual Studio Version 17
VisualStudioVersion = 17.7.34031.279
MinimumVisualStudioVersion = 10.0.40219.1
Project("{9A19103F-16F7-4668-BE54-9A1E7A4F7556}") = "SpeechToTextWithSemanticKernel", "SpeechToTextWithSemanticKernel/SpeechToTextWithSemanticKernel.csproj", "{4E4B80EC-D92A-4BC2-B9E6-F3267A7008A4}"
EndProject
Global
	GlobalSection(SolutionConfigurationPlatforms) = preSolution
		Debug|Any CPU = Debug|Any CPU
		Release|Any CPU = Release|Any CPU
	EndGlobalSection
	GlobalSection(ProjectConfigurationPlatforms) = postSolution
		{4E4B80EC-D92A-4BC2-B9E6-F3267A7008A4}.Debug|Any CPU.ActiveCfg = Debug|Any CPU
		{4E4B80EC-D92A-4BC2-B9E6-F3267A7008A4}.Debug|Any CPU.Build.0 = Debug|Any CPU
		{4E4B80EC-D92A-4BC2-B9E6-F3267A7008A4}.Release|Any CPU.ActiveCfg = Release|Any CPU
		{4E4B80EC-D92A-4BC2-B9E6-F3267A7008A4}.Release|Any CPU.Build.0 = Release|Any CPU
	EndGlobalSection
	GlobalSection(SolutionProperties) = preSolution
		HideSolutionNode = FALSE
	EndGlobalSection
	GlobalSection(ExtensibilityGlobals) = postSolution
		SolutionGuid = {B57F42C2-8688-40DF-93C9-9CE13FC6215B}
	EndGlobalSection
EndGlobal
